
Microsoft Visual Studio Solution File, Format Version 12.00
# Visual Studio Version 17
VisualStudioVersion = 17.1.32414.318
MinimumVisualStudioVersion = 10.0.40219.1
Project("{8BC9CEB8-8B4A-11D0-8D11-00A0C91BC942}") = "zlib", "contrib\vstudio\vc22\zlib.vcxproj", "{745DEC58-EBB3-47A9-A9B8-4C6627C01BF8}"
EndProject
Project("{8BC9CEB8-8B4A-11D0-8D11-00A0C91BC942}") = "miniunz", "contrib\vstudio\vc22\miniunz.vcxproj", "{81E93CB8-D732-4179-95C2-094F4F8FB18F}"
	ProjectSection(ProjectDependencies) = postProject
		{745DEC58-EBB3-47A9-A9B8-4C6627C01BF8} = {745DEC58-EBB3-47A9-A9B8-4C6627C01BF8}
	EndProjectSection
EndProject
Project("{8BC9CEB8-8B4A-11D0-8D11-00A0C91BC942}") = "minizip", "contrib\vstudio\vc22\minizip.vcxproj", "{48CDD9DC-E09F-4135-9C0C-4FE50C3C654B}"
	ProjectSection(ProjectDependencies) = postProject
		{745DEC58-EBB3-47A9-A9B8-4C6627C01BF8} = {745DEC58-EBB3-47A9-A9B8-4C6627C01BF8}
	EndProjectSection
EndProject
Project("{8BC9CEB8-8B4A-11D0-8D11-00A0C91BC942}") = "testzlib", "contrib\vstudio\vc22\testzlib.vcxproj", "{AA6666AA-E09F-4135-9C0C-4FE50C3C654B}"
	ProjectSection(ProjectDependencies) = postProject
		{745DEC58-EBB3-47A9-A9B8-4C6627C01BF8} = {745DEC58-EBB3-47A9-A9B8-4C6627C01BF8}
	EndProjectSection
EndProject
Project("{2150E333-8FDC-42A3-9474-1A3956D46DE8}") = "examples", "examples", "{DC1BD8B5-F3A3-41F9-9194-60020A06DA97}"
EndProject
Project("{8BC9CEB8-8B4A-11D0-8D11-00A0C91BC942}") = "gun", "examples\win32\gun.vcxproj", "{6D119F93-C436-4D6A-829F-DB5D7CE7870A}"
EndProject
Project("{8BC9CEB8-8B4A-11D0-8D11-00A0C91BC942}") = "gzappend", "examples\win32\gzappend.vcxproj", "{583B6C8B-C566-4AE4-8914-D9342856C793}"
EndProject
Project("{8BC9CEB8-8B4A-11D0-8D11-00A0C91BC942}") = "gzjoin", "examples\win32\gzjoin.vcxproj", "{9CC78F79-2C8B-4DFE-85BC-FDA470052618}"
EndProject
Project("{8BC9CEB8-8B4A-11D0-8D11-00A0C91BC942}") = "gznorm", "examples\win32\gznorm.vcxproj", "{C6FA8FDF-C49E-4D3B-8A1D-FC57679A3711}"
EndProject
Project("{8BC9CEB8-8B4A-11D0-8D11-00A0C91BC942}") = "zpipe", "examples\win32\zpipe.vcxproj", "{6DFAC6C1-389A-4BDA-99CB-B50F2BA139C8}"
EndProject
Project("{8BC9CEB8-8B4A-11D0-8D11-00A0C91BC942}") = "zran", "examples\win32\zran.vcxproj", "{3A1C831F-D6E3-4B12-AD80-18124EE80097}"
EndProject
Global
	GlobalSection(SolutionConfigurationPlatforms) = preSolution
		Debug|x64 = Debug|x64
		Debug|x86 = Debug|x86
		DLL_Debug|x64 = DLL_Debug|x64
		DLL_Debug|x86 = DLL_Debug|x86
		DLL_Release|x64 = DLL_Release|x64
		DLL_Release|x86 = DLL_Release|x86
		Release|x64 = Release|x64
		Release|x86 = Release|x86
	EndGlobalSection
	GlobalSection(ProjectConfigurationPlatforms) = postSolution
		{745DEC58-EBB3-47A9-A9B8-4C6627C01BF8}.Debug|x64.ActiveCfg = Debug|x64
		{745DEC58-EBB3-47A9-A9B8-4C6627C01BF8}.Debug|x64.Build.0 = Debug|x64
		{745DEC58-EBB3-47A9-A9B8-4C6627C01BF8}.Debug|x86.ActiveCfg = Debug|Win32
		{745DEC58-EBB3-47A9-A9B8-4C6627C01BF8}.Debug|x86.Build.0 = Debug|Win32
		{745DEC58-EBB3-47A9-A9B8-4C6627C01BF8}.DLL_Debug|x64.ActiveCfg = DLL_Debug|x64
		{745DEC58-EBB3-47A9-A9B8-4C6627C01BF8}.DLL_Debug|x64.Build.0 = DLL_Debug|x64
		{745DEC58-EBB3-47A9-A9B8-4C6627C01BF8}.DLL_Debug|x86.ActiveCfg = DLL_Debug|Win32
		{745DEC58-EBB3-47A9-A9B8-4C6627C01BF8}.DLL_Debug|x86.Build.0 = DLL_Debug|Win32
		{745DEC58-EBB3-47A9-A9B8-4C6627C01BF8}.DLL_Release|x64.ActiveCfg = DLL_Release|x64
		{745DEC58-EBB3-47A9-A9B8-4C6627C01BF8}.DLL_Release|x64.Build.0 = DLL_Release|x64
		{745DEC58-EBB3-47A9-A9B8-4C6627C01BF8}.DLL_Release|x86.ActiveCfg = DLL_Release|Win32
		{745DEC58-EBB3-47A9-A9B8-4C6627C01BF8}.DLL_Release|x86.Build.0 = DLL_Release|Win32
		{745DEC58-EBB3-47A9-A9B8-4C6627C01BF8}.Release|x64.ActiveCfg = Release|x64
		{745DEC58-EBB3-47A9-A9B8-4C6627C01BF8}.Release|x64.Build.0 = Release|x64
		{745DEC58-EBB3-47A9-A9B8-4C6627C01BF8}.Release|x86.ActiveCfg = Release|Win32
		{745DEC58-EBB3-47A9-A9B8-4C6627C01BF8}.Release|x86.Build.0 = Release|Win32
		{81E93CB8-D732-4179-95C2-094F4F8FB18F}.Debug|x64.ActiveCfg = Debug|x64
		{81E93CB8-D732-4179-95C2-094F4F8FB18F}.Debug|x64.Build.0 = Debug|x64
		{81E93CB8-D732-4179-95C2-094F4F8FB18F}.Debug|x86.ActiveCfg = Debug|Win32
		{81E93CB8-D732-4179-95C2-094F4F8FB18F}.Debug|x86.Build.0 = Debug|Win32
		{81E93CB8-D732-4179-95C2-094F4F8FB18F}.DLL_Debug|x64.ActiveCfg = Debug|x64
		{81E93CB8-D732-4179-95C2-094F4F8FB18F}.DLL_Debug|x64.Build.0 = Debug|x64
		{81E93CB8-D732-4179-95C2-094F4F8FB18F}.DLL_Debug|x86.ActiveCfg = Debug|Win32
		{81E93CB8-D732-4179-95C2-094F4F8FB18F}.DLL_Debug|x86.Build.0 = Debug|Win32
		{81E93CB8-D732-4179-95C2-094F4F8FB18F}.DLL_Release|x64.ActiveCfg = Release|x64
		{81E93CB8-D732-4179-95C2-094F4F8FB18F}.DLL_Release|x64.Build.0 = Release|x64
		{81E93CB8-D732-4179-95C2-094F4F8FB18F}.DLL_Release|x86.ActiveCfg = Release|Win32
		{81E93CB8-D732-4179-95C2-094F4F8FB18F}.DLL_Release|x86.Build.0 = Release|Win32
		{81E93CB8-D732-4179-95C2-094F4F8FB18F}.Release|x64.ActiveCfg = Release|x64
		{81E93CB8-D732-4179-95C2-094F4F8FB18F}.Release|x64.Build.0 = Release|x64
		{81E93CB8-D732-4179-95C2-094F4F8FB18F}.Release|x86.ActiveCfg = Release|Win32
		{81E93CB8-D732-4179-95C2-094F4F8FB18F}.Release|x86.Build.0 = Release|Win32
		{48CDD9DC-E09F-4135-9C0C-4FE50C3C654B}.Debug|x64.ActiveCfg = Debug|x64
		{48CDD9DC-E09F-4135-9C0C-4FE50C3C654B}.Debug|x64.Build.0 = Debug|x64
		{48CDD9DC-E09F-4135-9C0C-4FE50C3C654B}.Debug|x86.ActiveCfg = Debug|Win32
		{48CDD9DC-E09F-4135-9C0C-4FE50C3C654B}.Debug|x86.Build.0 = Debug|Win32
		{48CDD9DC-E09F-4135-9C0C-4FE50C3C654B}.DLL_Debug|x64.ActiveCfg = Debug|x64
		{48CDD9DC-E09F-4135-9C0C-4FE50C3C654B}.DLL_Debug|x64.Build.0 = Debug|x64
		{48CDD9DC-E09F-4135-9C0C-4FE50C3C654B}.DLL_Debug|x86.ActiveCfg = Debug|Win32
		{48CDD9DC-E09F-4135-9C0C-4FE50C3C654B}.DLL_Debug|x86.Build.0 = Debug|Win32
		{48CDD9DC-E09F-4135-9C0C-4FE50C3C654B}.DLL_Release|x64.ActiveCfg = Release|x64
		{48CDD9DC-E09F-4135-9C0C-4FE50C3C654B}.DLL_Release|x64.Build.0 = Release|x64
		{48CDD9DC-E09F-4135-9C0C-4FE50C3C654B}.DLL_Release|x86.ActiveCfg = Release|Win32
		{48CDD9DC-E09F-4135-9C0C-4FE50C3C654B}.DLL_Release|x86.Build.0 = Release|Win32
		{48CDD9DC-E09F-4135-9C0C-4FE50C3C654B}.Release|x64.ActiveCfg = Release|x64
		{48CDD9DC-E09F-4135-9C0C-4FE50C3C654B}.Release|x64.Build.0 = Release|x64
		{48CDD9DC-E09F-4135-9C0C-4FE50C3C654B}.Release|x86.ActiveCfg = Release|Win32
		{48CDD9DC-E09F-4135-9C0C-4FE50C3C654B}.Release|x86.Build.0 = Release|Win32
		{AA6666AA-E09F-4135-9C0C-4FE50C3C654B}.Debug|x64.ActiveCfg = Debug|x64
		{AA6666AA-E09F-4135-9C0C-4FE50C3C654B}.Debug|x64.Build.0 = Debug|x64
		{AA6666AA-E09F-4135-9C0C-4FE50C3C654B}.Debug|x86.ActiveCfg = Debug|Win32
		{AA6666AA-E09F-4135-9C0C-4FE50C3C654B}.Debug|x86.Build.0 = Debug|Win32
		{AA6666AA-E09F-4135-9C0C-4FE50C3C654B}.DLL_Debug|x64.ActiveCfg = DLL_Debug|x64
		{AA6666AA-E09F-4135-9C0C-4FE50C3C654B}.DLL_Debug|x64.Build.0 = DLL_Debug|x64
		{AA6666AA-E09F-4135-9C0C-4FE50C3C654B}.DLL_Debug|x86.ActiveCfg = DLL_Debug|Win32
		{AA6666AA-E09F-4135-9C0C-4FE50C3C654B}.DLL_Debug|x86.Build.0 = DLL_Debug|Win32
		{AA6666AA-E09F-4135-9C0C-4FE50C3C654B}.DLL_Release|x64.ActiveCfg = DLL_Release|x64
		{AA6666AA-E09F-4135-9C0C-4FE50C3C654B}.DLL_Release|x64.Build.0 = DLL_Release|x64
		{AA6666AA-E09F-4135-9C0C-4FE50C3C654B}.DLL_Release|x86.ActiveCfg = DLL_Release|Win32
		{AA6666AA-E09F-4135-9C0C-4FE50C3C654B}.DLL_Release|x86.Build.0 = DLL_Release|Win32
		{AA6666AA-E09F-4135-9C0C-4FE50C3C654B}.Release|x64.ActiveCfg = Release|x64
		{AA6666AA-E09F-4135-9C0C-4FE50C3C654B}.Release|x64.Build.0 = Release|x64
		{AA6666AA-E09F-4135-9C0C-4FE50C3C654B}.Release|x86.ActiveCfg = Release|Win32
		{AA6666AA-E09F-4135-9C0C-4FE50C3C654B}.Release|x86.Build.0 = Release|Win32
		{6D119F93-C436-4D6A-829F-DB5D7CE7870A}.Debug|x64.ActiveCfg = Debug|x64
		{6D119F93-C436-4D6A-829F-DB5D7CE7870A}.Debug|x64.Build.0 = Debug|x64
		{6D119F93-C436-4D6A-829F-DB5D7CE7870A}.Debug|x86.ActiveCfg = Debug|Win32
		{6D119F93-C436-4D6A-829F-DB5D7CE7870A}.Debug|x86.Build.0 = Debug|Win32
		{6D119F93-C436-4D6A-829F-DB5D7CE7870A}.DLL_Debug|x64.ActiveCfg = DLL_Debug|x64
		{6D119F93-C436-4D6A-829F-DB5D7CE7870A}.DLL_Debug|x64.Build.0 = DLL_Debug|x64
		{6D119F93-C436-4D6A-829F-DB5D7CE7870A}.DLL_Debug|x86.ActiveCfg = DLL_Debug|Win32
		{6D119F93-C436-4D6A-829F-DB5D7CE7870A}.DLL_Debug|x86.Build.0 = DLL_Debug|Win32
		{6D119F93-C436-4D6A-829F-DB5D7CE7870A}.DLL_Release|x64.ActiveCfg = DLL_Release|x64
		{6D119F93-C436-4D6A-829F-DB5D7CE7870A}.DLL_Release|x64.Build.0 = DLL_Release|x64
		{6D119F93-C436-4D6A-829F-DB5D7CE7870A}.DLL_Release|x86.ActiveCfg = DLL_Release|Win32
		{6D119F93-C436-4D6A-829F-DB5D7CE7870A}.DLL_Release|x86.Build.0 = DLL_Release|Win32
		{6D119F93-C436-4D6A-829F-DB5D7CE7870A}.Release|x64.ActiveCfg = Release|x64
		{6D119F93-C436-4D6A-829F-DB5D7CE7870A}.Release|x64.Build.0 = Release|x64
		{6D119F93-C436-4D6A-829F-DB5D7CE7870A}.Release|x86.ActiveCfg = Release|Win32
		{6D119F93-C436-4D6A-829F-DB5D7CE7870A}.Release|x86.Build.0 = Release|Win32
		{583B6C8B-C566-4AE4-8914-D9342856C793}.Debug|x64.ActiveCfg = Debug|x64
		{583B6C8B-C566-4AE4-8914-D9342856C793}.Debug|x64.Build.0 = Debug|x64
		{583B6C8B-C566-4AE4-8914-D9342856C793}.Debug|x86.ActiveCfg = Debug|Win32
		{583B6C8B-C566-4AE4-8914-D9342856C793}.Debug|x86.Build.0 = Debug|Win32
		{583B6C8B-C566-4AE4-8914-D9342856C793}.DLL_Debug|x64.ActiveCfg = DLL_Debug|x64
		{583B6C8B-C566-4AE4-8914-D9342856C793}.DLL_Debug|x64.Build.0 = DLL_Debug|x64
		{583B6C8B-C566-4AE4-8914-D9342856C793}.DLL_Debug|x86.ActiveCfg = DLL_Debug|Win32
		{583B6C8B-C566-4AE4-8914-D9342856C793}.DLL_Debug|x86.Build.0 = DLL_Debug|Win32
		{583B6C8B-C566-4AE4-8914-D9342856C793}.DLL_Release|x64.ActiveCfg = DLL_Release|x64
		{583B6C8B-C566-4AE4-8914-D9342856C793}.DLL_Release|x64.Build.0 = DLL_Release|x64
		{583B6C8B-C566-4AE4-8914-D9342856C793}.DLL_Release|x86.ActiveCfg = DLL_Release|Win32
		{583B6C8B-C566-4AE4-8914-D9342856C793}.DLL_Release|x86.Build.0 = DLL_Release|Win32
		{583B6C8B-C566-4AE4-8914-D9342856C793}.Release|x64.ActiveCfg = Release|x64
		{583B6C8B-C566-4AE4-8914-D9342856C793}.Release|x64.Build.0 = Release|x64
		{583B6C8B-C566-4AE4-8914-D9342856C793}.Release|x86.ActiveCfg = Release|Win32
		{583B6C8B-C566-4AE4-8914-D9342856C793}.Release|x86.Build.0 = Release|Win32
		{9CC78F79-2C8B-4DFE-85BC-FDA470052618}.Debug|x64.ActiveCfg = Debug|x64
		{9CC78F79-2C8B-4DFE-85BC-FDA470052618}.Debug|x64.Build.0 = Debug|x64
		{9CC78F79-2C8B-4DFE-85BC-FDA470052618}.Debug|x86.ActiveCfg = Debug|Win32
		{9CC78F79-2C8B-4DFE-85BC-FDA470052618}.Debug|x86.Build.0 = Debug|Win32
		{9CC78F79-2C8B-4DFE-85BC-FDA470052618}.DLL_Debug|x64.ActiveCfg = DLL_Debug|x64
		{9CC78F79-2C8B-4DFE-85BC-FDA470052618}.DLL_Debug|x64.Build.0 = DLL_Debug|x64
		{9CC78F79-2C8B-4DFE-85BC-FDA470052618}.DLL_Debug|x86.ActiveCfg = DLL_Debug|Win32
		{9CC78F79-2C8B-4DFE-85BC-FDA470052618}.DLL_Debug|x86.Build.0 = DLL_Debug|Win32
		{9CC78F79-2C8B-4DFE-85BC-FDA470052618}.DLL_Release|x64.ActiveCfg = DLL_Release|x64
		{9CC78F79-2C8B-4DFE-85BC-FDA470052618}.DLL_Release|x64.Build.0 = DLL_Release|x64
		{9CC78F79-2C8B-4DFE-85BC-FDA470052618}.DLL_Release|x86.ActiveCfg = DLL_Release|Win32
		{9CC78F79-2C8B-4DFE-85BC-FDA470052618}.DLL_Release|x86.Build.0 = DLL_Release|Win32
		{9CC78F79-2C8B-4DFE-85BC-FDA470052618}.Release|x64.ActiveCfg = Release|x64
		{9CC78F79-2C8B-4DFE-85BC-FDA470052618}.Release|x64.Build.0 = Release|x64
		{9CC78F79-2C8B-4DFE-85BC-FDA470052618}.Release|x86.ActiveCfg = Release|Win32
		{9CC78F79-2C8B-4DFE-85BC-FDA470052618}.Release|x86.Build.0 = Release|Win32
		{C6FA8FDF-C49E-4D3B-8A1D-FC57679A3711}.Debug|x64.ActiveCfg = Debug|x64
		{C6FA8FDF-C49E-4D3B-8A1D-FC57679A3711}.Debug|x64.Build.0 = Debug|x64
		{C6FA8FDF-C49E-4D3B-8A1D-FC57679A3711}.Debug|x86.ActiveCfg = Debug|Win32
		{C6FA8FDF-C49E-4D3B-8A1D-FC57679A3711}.Debug|x86.Build.0 = Debug|Win32
		{C6FA8FDF-C49E-4D3B-8A1D-FC57679A3711}.DLL_Debug|x64.ActiveCfg = DLL_Debug|x64
		{C6FA8FDF-C49E-4D3B-8A1D-FC57679A3711}.DLL_Debug|x64.Build.0 = DLL_Debug|x64
		{C6FA8FDF-C49E-4D3B-8A1D-FC57679A3711}.DLL_Debug|x86.ActiveCfg = DLL_Debug|Win32
		{C6FA8FDF-C49E-4D3B-8A1D-FC57679A3711}.DLL_Debug|x86.Build.0 = DLL_Debug|Win32
		{C6FA8FDF-C49E-4D3B-8A1D-FC57679A3711}.DLL_Release|x64.ActiveCfg = DLL_Release|x64
		{C6FA8FDF-C49E-4D3B-8A1D-FC57679A3711}.DLL_Release|x64.Build.0 = DLL_Release|x64
		{C6FA8FDF-C49E-4D3B-8A1D-FC57679A3711}.DLL_Release|x86.ActiveCfg = DLL_Release|Win32
		{C6FA8FDF-C49E-4D3B-8A1D-FC57679A3711}.DLL_Release|x86.Build.0 = DLL_Release|Win32
		{C6FA8FDF-C49E-4D3B-8A1D-FC57679A3711}.Release|x64.ActiveCfg = Release|x64
		{C6FA8FDF-C49E-4D3B-8A1D-FC57679A3711}.Release|x64.Build.0 = Release|x64
		{C6FA8FDF-C49E-4D3B-8A1D-FC57679A3711}.Release|x86.ActiveCfg = Release|Win32
		{C6FA8FDF-C49E-4D3B-8A1D-FC57679A3711}.Release|x86.Build.0 = Release|Win32
		{6DFAC6C1-389A-4BDA-99CB-B50F2BA139C8}.Debug|x64.ActiveCfg = Debug|x64
		{6DFAC6C1-389A-4BDA-99CB-B50F2BA139C8}.Debug|x64.Build.0 = Debug|x64
		{6DFAC6C1-389A-4BDA-99CB-B50F2BA139C8}.Debug|x86.ActiveCfg = Debug|Win32
		{6DFAC6C1-389A-4BDA-99CB-B50F2BA139C8}.Debug|x86.Build.0 = Debug|Win32
		{6DFAC6C1-389A-4BDA-99CB-B50F2BA139C8}.DLL_Debug|x64.ActiveCfg = DLL_Debug|x64
		{6DFAC6C1-389A-4BDA-99CB-B50F2BA139C8}.DLL_Debug|x64.Build.0 = DLL_Debug|x64
		{6DFAC6C1-389A-4BDA-99CB-B50F2BA139C8}.DLL_Debug|x86.ActiveCfg = DLL_Debug|Win32
		{6DFAC6C1-389A-4BDA-99CB-B50F2BA139C8}.DLL_Debug|x86.Build.0 = DLL_Debug|Win32
		{6DFAC6C1-389A-4BDA-99CB-B50F2BA139C8}.DLL_Release|x64.ActiveCfg = DLL_Release|x64
		{6DFAC6C1-389A-4BDA-99CB-B50F2BA139C8}.DLL_Release|x64.Build.0 = DLL_Release|x64
		{6DFAC6C1-389A-4BDA-99CB-B50F2BA139C8}.DLL_Release|x86.ActiveCfg = DLL_Release|Win32
		{6DFAC6C1-389A-4BDA-99CB-B50F2BA139C8}.DLL_Release|x86.Build.0 = DLL_Release|Win32
		{6DFAC6C1-389A-4BDA-99CB-B50F2BA139C8}.Release|x64.ActiveCfg = Release|x64
		{6DFAC6C1-389A-4BDA-99CB-B50F2BA139C8}.Release|x64.Build.0 = Release|x64
		{6DFAC6C1-389A-4BDA-99CB-B50F2BA139C8}.Release|x86.ActiveCfg = Release|Win32
		{6DFAC6C1-389A-4BDA-99CB-B50F2BA139C8}.Release|x86.Build.0 = Release|Win32
		{3A1C831F-D6E3-4B12-AD80-18124EE80097}.Debug|x64.ActiveCfg = Debug|x64
		{3A1C831F-D6E3-4B12-AD80-18124EE80097}.Debug|x64.Build.0 = Debug|x64
		{3A1C831F-D6E3-4B12-AD80-18124EE80097}.Debug|x86.ActiveCfg = Debug|Win32
		{3A1C831F-D6E3-4B12-AD80-18124EE80097}.Debug|x86.Build.0 = Debug|Win32
		{3A1C831F-D6E3-4B12-AD80-18124EE80097}.DLL_Debug|x64.ActiveCfg = DLL_Debug|x64
		{3A1C831F-D6E3-4B12-AD80-18124EE80097}.DLL_Debug|x64.Build.0 = DLL_Debug|x64
		{3A1C831F-D6E3-4B12-AD80-18124EE80097}.DLL_Debug|x86.ActiveCfg = DLL_Debug|Win32
		{3A1C831F-D6E3-4B12-AD80-18124EE80097}.DLL_Debug|x86.Build.0 = DLL_Debug|Win32
		{3A1C831F-D6E3-4B12-AD80-18124EE80097}.DLL_Release|x64.ActiveCfg = DLL_Release|x64
		{3A1C831F-D6E3-4B12-AD80-18124EE80097}.DLL_Release|x64.Build.0 = DLL_Release|x64
		{3A1C831F-D6E3-4B12-AD80-18124EE80097}.DLL_Release|x86.ActiveCfg = DLL_Release|Win32
		{3A1C831F-D6E3-4B12-AD80-18124EE80097}.DLL_Release|x86.Build.0 = DLL_Release|Win32
		{3A1C831F-D6E3-4B12-AD80-18124EE80097}.Release|x64.ActiveCfg = Release|x64
		{3A1C831F-D6E3-4B12-AD80-18124EE80097}.Release|x64.Build.0 = Release|x64
		{3A1C831F-D6E3-4B12-AD80-18124EE80097}.Release|x86.ActiveCfg = Release|Win32
		{3A1C831F-D6E3-4B12-AD80-18124EE80097}.Release|x86.Build.0 = Release|Win32
	EndGlobalSection
	GlobalSection(SolutionProperties) = preSolution
		HideSolutionNode = FALSE
	EndGlobalSection
	GlobalSection(NestedProjects) = preSolution
		{6D119F93-C436-4D6A-829F-DB5D7CE7870A} = {DC1BD8B5-F3A3-41F9-9194-60020A06DA97}
		{583B6C8B-C566-4AE4-8914-D9342856C793} = {DC1BD8B5-F3A3-41F9-9194-60020A06DA97}
		{9CC78F79-2C8B-4DFE-85BC-FDA470052618} = {DC1BD8B5-F3A3-41F9-9194-60020A06DA97}
		{C6FA8FDF-C49E-4D3B-8A1D-FC57679A3711} = {DC1BD8B5-F3A3-41F9-9194-60020A06DA97}
		{6DFAC6C1-389A-4BDA-99CB-B50F2BA139C8} = {DC1BD8B5-F3A3-41F9-9194-60020A06DA97}
		{3A1C831F-D6E3-4B12-AD80-18124EE80097} = {DC1BD8B5-F3A3-41F9-9194-60020A06DA97}
	EndGlobalSection
	GlobalSection(ExtensibilityGlobals) = postSolution
		SolutionGuid = {63BD4A53-8EC3-4272-9965-BC6B1C71F915}
	EndGlobalSection
EndGlobal
