<?xml version="1.0" encoding="utf-8"?>
<Project ToolsVersion="4.0" xmlns="http://schemas.microsoft.com/developer/msbuild/2003">
  <ItemGroup>
    <Filter Include="Includes">
      <UniqueIdentifier>{50982406-817b-4cef-91d6-8b90b16cdbb3}</UniqueIdentifier>
    </Filter>
    <Filter Include="Source">
      <UniqueIdentifier>{adab77b9-45bc-4a30-b64b-f0d397607e57}</UniqueIdentifier>
    </Filter>
  </ItemGroup>
  <ItemGroup>
    <ClInclude Include="..\..\..\..\..\crc32.h">
      <Filter>Includes</Filter>
    </ClInclude>
    <ClInclude Include="..\..\..\..\..\deflate.h">
      <Filter>Includes</Filter>
    </ClInclude>
    <ClInclude Include="..\..\..\..\..\gzguts.h">
      <Filter>Includes</Filter>
    </ClInclude>
    <ClInclude Include="..\..\..\..\..\inffast.h">
      <Filter>Includes</Filter>
    </ClInclude>
    <ClInclude Include="..\..\..\..\..\inffixed.h">
      <Filter>Includes</Filter>
    </ClInclude>
    <ClInclude Include="..\..\..\..\..\inflate.h">
      <Filter>Includes</Filter>
    </ClInclude>
    <ClInclude Include="..\..\..\..\..\inftrees.h">
      <Filter>Includes</Filter>
    </ClInclude>
    <ClInclude Include="..\..\..\..\..\trees.h">
      <Filter>Includes</Filter>
    </ClInclude>
    <ClInclude Include="..\..\..\..\..\zconf.h">
      <Filter>Includes</Filter>
    </ClInclude>
    <ClInclude Include="..\..\..\..\..\zlib.h">
      <Filter>Includes</Filter>
    </ClInclude>
    <ClInclude Include="..\..\..\..\..\zutil.h">
      <Filter>Includes</Filter>
    </ClInclude>
  </ItemGroup>
  <ItemGroup>
    <ClCompile Include="..\..\..\..\..\adler32.c">
      <Filter>Source</Filter>
    </ClCompile>
    <ClCompile Include="..\..\..\..\..\compress.c">
      <Filter>Source</Filter>
    </ClCompile>
    <ClCompile Include="..\..\..\..\..\crc32.c">
      <Filter>Source</Filter>
    </ClCompile>
    <ClCompile Include="..\..\..\..\..\deflate.c">
      <Filter>Source</Filter>
    </ClCompile>
    <ClCompile Include="..\..\..\..\..\gzclose.c">
      <Filter>Source</Filter>
    </ClCompile>
    <ClCompile Include="..\..\..\..\..\gzlib.c">
      <Filter>Source</Filter>
    </ClCompile>
    <ClCompile Include="..\..\..\..\..\gzread.c">
      <Filter>Source</Filter>
    </ClCompile>
    <ClCompile Include="..\..\..\..\..\gzwrite.c">
      <Filter>Source</Filter>
    </ClCompile>
    <ClCompile Include="..\..\..\..\..\infback.c">
      <Filter>Source</Filter>
    </ClCompile>
    <ClCompile Include="..\..\..\..\..\inffast.c">
      <Filter>Source</Filter>
    </ClCompile>
    <ClCompile Include="..\..\..\..\..\inflate.c">
      <Filter>Source</Filter>
    </ClCompile>
    <ClCompile Include="..\..\..\..\..\inftrees.c">
      <Filter>Source</Filter>
    </ClCompile>
    <ClCompile Include="..\..\..\..\..\trees.c">
      <Filter>Source</Filter>
    </ClCompile>
    <ClCompile Include="..\..\..\..\..\uncompr.c">
      <Filter>Source</Filter>
    </ClCompile>
    <ClCompile Include="..\..\..\..\..\zutil.c">
      <Filter>Source</Filter>
    </ClCompile>
  </ItemGroup>
</Project>